{
  "nodes": {
    "advisory-db": {
      "flake": false,
      "locked": {
        "lastModified": 1762160821,
        "narHash": "sha256-p7w6xk8DFkH82VDiyAfdaI7MySdakUGQc81cuAuGKKc=",
        "owner": "rustsec",
        "repo": "advisory-db",
        "rev": "efae9f98cbc46ae877f5616c04b4c3f13ecedcf7",
        "type": "github"
      },
      "original": {
        "owner": "rustsec",
        "repo": "advisory-db",
        "type": "github"
      }
    },
    "crane": {
      "locked": {
        "lastModified": 1762189950,
        "narHash": "sha256-aotggLUXjlDGqKWibGPQcMZJGgdr79S21ISrv1Wz6RI=",
        "owner": "ipetkov",
        "repo": "crane",
        "rev": "50700219af884287ad7c85507e2f163b23a027a9",
        "type": "github"
      },
      "original": {
        "owner": "ipetkov",
        "repo": "crane",
        "type": "github"
      }
    },
    "nixpkgs": {
      "locked": {
        "lastModified": 1762111121,
        "narHash": "sha256-4vhDuZ7OZaZmKKrnDpxLZZpGIJvAeMtK6FKLJYUtAdw=",
        "owner": "nixos",
        "repo": "nixpkgs",
        "rev": "b3d51a0365f6695e7dd5cdf3e180604530ed33b4",
        "type": "github"
      },
      "original": {
        "owner": "nixos",
        "ref": "nixos-unstable",
        "repo": "nixpkgs",
        "type": "github"
      }
    },
    "root": {
      "inputs": {
        "advisory-db": "advisory-db",
        "crane": "crane",
        "nixpkgs": "nixpkgs",
        "treefmt": "treefmt"
      }
    },
    "treefmt": {
      "inputs": {
        "nixpkgs": [
          "nixpkgs"
        ]
      },
      "locked": {
        "lastModified": 1761311587,
        "narHash": "sha256-Msq86cR5SjozQGCnC6H8C+0cD4rnx91BPltZ9KK613Y=",
        "owner": "numtide",
        "repo": "treefmt-nix",
        "rev": "2eddae033e4e74bf581c2d1dfa101f9033dbd2dc",
        "type": "github"
      },
      "original": {
        "owner": "numtide",
        "repo": "treefmt-nix",
        "type": "github"
      }
    }
  },
  "root": "root",
  "version": 7
}
