{
  "nodes": {
    "advisory-db": {
      "flake": false,
      "locked": {
        "lastModified": 1722017365,
        "narHash": "sha256-9wYR5NZIgI+qzMDlJrUzevR31fvFQRgfjlYp50Xp3Ts=",
        "owner": "rustsec",
        "repo": "advisory-db",
        "rev": "9d024c07ee8c18609b43436bc865abf46636e250",
        "type": "github"
      },
      "original": {
        "owner": "rustsec",
        "repo": "advisory-db",
        "type": "github"
      }
    },
    "crane": {
      "inputs": {
        "nixpkgs": [
          "nixpkgs"
        ]
      },
      "locked": {
        "lastModified": 1722809451,
        "narHash": "sha256-2Yt/0zGpJ784h0rffj9fQTyqflJkNPmW7gsmPknluus=",
        "owner": "ipetkov",
        "repo": "crane",
        "rev": "c873fd2ad80e32cd2c427df5a248a3f7baafc1ae",
        "type": "github"
      },
      "original": {
        "owner": "ipetkov",
        "repo": "crane",
        "type": "github"
      }
    },
    "nixpkgs": {
      "locked": {
        "lastModified": 1722630782,
        "narHash": "sha256-hMyG9/WlUi0Ho9VkRrrez7SeNlDzLxalm9FwY7n/Noo=",
        "owner": "nixos",
        "repo": "nixpkgs",
        "rev": "d04953086551086b44b6f3c6b7eeb26294f207da",
        "type": "github"
      },
      "original": {
        "owner": "nixos",
        "ref": "nixos-unstable",
        "repo": "nixpkgs",
        "type": "github"
      }
    },
    "root": {
      "inputs": {
        "advisory-db": "advisory-db",
        "crane": "crane",
        "nixpkgs": "nixpkgs"
      }
    }
  },
  "root": "root",
  "version": 7
}
